// !$*UTF8*$!
{
	archiveVersion = 1;
	classes = {
	};
	objectVersion = 46;
	objects = {

/* Begin PBXBuildFile section */
		E35BA2391AF7B4E100049975 /* main.m in Sources */ = {isa = PBXBuildFile; fileRef = E35BA2381AF7B4E100049975 /* main.m */; };
		E35BA23C1AF7B4E100049975 /* AppDelegate.m in Sources */ = {isa = PBXBuildFile; fileRef = E35BA23B1AF7B4E100049975 /* AppDelegate.m */; };
		E35BA2421AF7B4E100049975 /* Main.storyboard in Resources */ = {isa = PBXBuildFile; fileRef = E35BA2401AF7B4E100049975 /* Main.storyboard */; };
		E35BA2441AF7B4E100049975 /* Images.xcassets in Resources */ = {isa = PBXBuildFile; fileRef = E35BA2431AF7B4E100049975 /* Images.xcassets */; };
		E35BA2471AF7B4E100049975 /* LaunchScreen.xib in Resources */ = {isa = PBXBuildFile; fileRef = E35BA2451AF7B4E100049975 /* LaunchScreen.xib */; };
		E35BA2531AF7B4E100049975 /* ToDoListTests.m in Sources */ = {isa = PBXBuildFile; fileRef = E35BA2521AF7B4E100049975 /* ToDoListTests.m */; };
		E36AA9591AFF4B2C009FE803 /* AddToDoItemViewController.m in Sources */ = {isa = PBXBuildFile; fileRef = E36AA9581AFF4B2C009FE803 /* AddToDoItemViewController.m */; };
		E36AA95C1AFF4D58009FE803 /* ToDoListTableViewController.m in Sources */ = {isa = PBXBuildFile; fileRef = E36AA95B1AFF4D58009FE803 /* ToDoListTableViewController.m */; };
		E36AA95F1AFF9B78009FE803 /* ToDoItem.m in Sources */ = {isa = PBXBuildFile; fileRef = E36AA95E1AFF9B78009FE803 /* ToDoItem.m */; };
/* End PBXBuildFile section */

/* Begin PBXContainerItemProxy section */
		E35BA24D1AF7B4E100049975 /* PBXContainerItemProxy */ = {
			isa = PBXContainerItemProxy;
			containerPortal = E35BA22B1AF7B4E100049975 /* Project object */;
			proxyType = 1;
			remoteGlobalIDString = E35BA2321AF7B4E100049975;
			remoteInfo = ToDoList;
		};
/* End PBXContainerItemProxy section */

/* Begin PBXFileReference section */
		E35BA2331AF7B4E100049975 /* ToDoList.app */ = {isa = PBXFileReference; explicitFileType = wrapper.application; includeInIndex = 0; path = ToDoList.app; sourceTree = BUILT_PRODUCTS_DIR; };
		E35BA2371AF7B4E100049975 /* Info.plist */ = {isa = PBXFileReference; lastKnownFileType = text.plist.xml; path = Info.plist; sourceTree = "<group>"; };
		E35BA2381AF7B4E100049975 /* main.m */ = {isa = PBXFileReference; lastKnownFileType = sourcecode.c.objc; path = main.m; sourceTree = "<group>"; };
		E35BA23A1AF7B4E100049975 /* AppDelegate.h */ = {isa = PBXFileReference; lastKnownFileType = sourcecode.c.h; path = AppDelegate.h; sourceTree = "<group>"; };
		E35BA23B1AF7B4E100049975 /* AppDelegate.m */ = {isa = PBXFileReference; lastKnownFileType = sourcecode.c.objc; path = AppDelegate.m; sourceTree = "<group>"; };
		E35BA2411AF7B4E100049975 /* Base */ = {isa = PBXFileReference; lastKnownFileType = file.storyboard; name = Base; path = Base.lproj/Main.storyboard; sourceTree = "<group>"; };
		E35BA2431AF7B4E100049975 /* Images.xcassets */ = {isa = PBXFileReference; lastKnownFileType = folder.assetcatalog; path = Images.xcassets; sourceTree = "<group>"; };
		E35BA2461AF7B4E100049975 /* Base */ = {isa = PBXFileReference; lastKnownFileType = file.xib; name = Base; path = Base.lproj/LaunchScreen.xib; sourceTree = "<group>"; };
		E35BA24C1AF7B4E100049975 /* ToDoListTests.xctest */ = {isa = PBXFileReference; explicitFileType = wrapper.cfbundle; includeInIndex = 0; path = ToDoListTests.xctest; sourceTree = BUILT_PRODUCTS_DIR; };
		E35BA2511AF7B4E100049975 /* Info.plist */ = {isa = PBXFileReference; lastKnownFileType = text.plist.xml; path = Info.plist; sourceTree = "<group>"; };
		E35BA2521AF7B4E100049975 /* ToDoListTests.m */ = {isa = PBXFileReference; lastKnownFileType = sourcecode.c.objc; path = ToDoListTests.m; sourceTree = "<group>"; };
		E36AA9571AFF4B2C009FE803 /* AddToDoItemViewController.h */ = {isa = PBXFileReference; fileEncoding = 4; lastKnownFileType = sourcecode.c.h; path = AddToDoItemViewController.h; sourceTree = "<group>"; };
		E36AA9581AFF4B2C009FE803 /* AddToDoItemViewController.m */ = {isa = PBXFileReference; fileEncoding = 4; lastKnownFileType = sourcecode.c.objc; path = AddToDoItemViewController.m; sourceTree = "<group>"; };
		E36AA95A1AFF4D58009FE803 /* ToDoListTableViewController.h */ = {isa = PBXFileReference; fileEncoding = 4; lastKnownFileType = sourcecode.c.h; path = ToDoListTableViewController.h; sourceTree = "<group>"; };
		E36AA95B1AFF4D58009FE803 /* ToDoListTableViewController.m */ = {isa = PBXFileReference; fileEncoding = 4; lastKnownFileType = sourcecode.c.objc; path = ToDoListTableViewController.m; sourceTree = "<group>"; };
		E36AA95D1AFF9B78009FE803 /* ToDoItem.h */ = {isa = PBXFileReference; fileEncoding = 4; lastKnownFileType = sourcecode.c.h; path = ToDoItem.h; sourceTree = "<group>"; };
		E36AA95E1AFF9B78009FE803 /* ToDoItem.m */ = {isa = PBXFileReference; fileEncoding = 4; lastKnownFileType = sourcecode.c.objc; path = ToDoItem.m; sourceTree = "<group>"; };
/* End PBXFileReference section */

/* Begin PBXFrameworksBuildPhase section */
		E35BA2301AF7B4E100049975 /* Frameworks */ = {
			isa = PBXFrameworksBuildPhase;
			buildActionMask = 2147483647;
			files = (
			);
			runOnlyForDeploymentPostprocessing = 0;
		};
		E35BA2491AF7B4E100049975 /* Frameworks */ = {
			isa = PBXFrameworksBuildPhase;
			buildActionMask = 2147483647;
			files = (
			);
			runOnlyForDeploymentPostprocessing = 0;
		};
/* End PBXFrameworksBuildPhase section */

/* Begin PBXGroup section */
		E35BA22A1AF7B4E100049975 = {
			isa = PBXGroup;
			children = (
				E35BA2351AF7B4E100049975 /* ToDoList */,
				E35BA24F1AF7B4E100049975 /* ToDoListTests */,
				E35BA2341AF7B4E100049975 /* Products */,
			);
			sourceTree = "<group>";
		};
		E35BA2341AF7B4E100049975 /* Products */ = {
			isa = PBXGroup;
			children = (
				E35BA2331AF7B4E100049975 /* ToDoList.app */,
				E35BA24C1AF7B4E100049975 /* ToDoListTests.xctest */,
			);
			name = Products;
			sourceTree = "<group>";
		};
		E35BA2351AF7B4E100049975 /* ToDoList */ = {
			isa = PBXGroup;
			children = (
				E35BA23A1AF7B4E100049975 /* AppDelegate.h */,
				E35BA23B1AF7B4E100049975 /* AppDelegate.m */,
				E35BA2401AF7B4E100049975 /* Main.storyboard */,
				E36AA9571AFF4B2C009FE803 /* AddToDoItemViewController.h */,
				E36AA9581AFF4B2C009FE803 /* AddToDoItemViewController.m */,
				E35BA2431AF7B4E100049975 /* Images.xcassets */,
				E35BA2451AF7B4E100049975 /* LaunchScreen.xib */,
				E35BA2361AF7B4E100049975 /* Supporting Files */,
				E36AA95A1AFF4D58009FE803 /* ToDoListTableViewController.h */,
				E36AA95B1AFF4D58009FE803 /* ToDoListTableViewController.m */,
				E36AA95D1AFF9B78009FE803 /* ToDoItem.h */,
				E36AA95E1AFF9B78009FE803 /* ToDoItem.m */,
			);
			path = ToDoList;
			sourceTree = "<group>";
		};
		E35BA2361AF7B4E100049975 /* Supporting Files */ = {
			isa = PBXGroup;
			children = (
				E35BA2371AF7B4E100049975 /* Info.plist */,
				E35BA2381AF7B4E100049975 /* main.m */,
			);
			name = "Supporting Files";
			sourceTree = "<group>";
		};
		E35BA24F1AF7B4E100049975 /* ToDoListTests */ = {
			isa = PBXGroup;
			children = (
				E35BA2521AF7B4E100049975 /* ToDoListTests.m */,
				E35BA2501AF7B4E100049975 /* Supporting Files */,
			);
			path = ToDoListTests;
			sourceTree = "<group>";
		};
		E35BA2501AF7B4E100049975 /* Supporting Files */ = {
			isa = PBXGroup;
			children = (
				E35BA2511AF7B4E100049975 /* Info.plist */,
			);
			name = "Supporting Files";
			sourceTree = "<group>";
		};
/* End PBXGroup section */

/* Begin PBXNativeTarget section */
		E35BA2321AF7B4E100049975 /* ToDoList */ = {
			isa = PBXNativeTarget;
			buildConfigurationList = E35BA2561AF7B4E100049975 /* Build configuration list for PBXNativeTarget "ToDoList" */;
			buildPhases = (
				E35BA22F1AF7B4E100049975 /* Sources */,
				E35BA2301AF7B4E100049975 /* Frameworks */,
				E35BA2311AF7B4E100049975 /* Resources */,
			);
			buildRules = (
			);
			dependencies = (
			);
			name = ToDoList;
			productName = ToDoList;
			productReference = E35BA2331AF7B4E100049975 /* ToDoList.app */;
			productType = "com.apple.product-type.application";
		};
		E35BA24B1AF7B4E100049975 /* ToDoListTests */ = {
			isa = PBXNativeTarget;
			buildConfigurationList = E35BA2591AF7B4E100049975 /* Build configuration list for PBXNativeTarget "ToDoListTests" */;
			buildPhases = (
				E35BA2481AF7B4E100049975 /* Sources */,
				E35BA2491AF7B4E100049975 /* Frameworks */,
				E35BA24A1AF7B4E100049975 /* Resources */,
			);
			buildRules = (
			);
			dependencies = (
				E35BA24E1AF7B4E100049975 /* PBXTargetDependency */,
			);
			name = ToDoListTests;
			productName = ToDoListTests;
			productReference = E35BA24C1AF7B4E100049975 /* ToDoListTests.xctest */;
			productType = "com.apple.product-type.bundle.unit-test";
		};
/* End PBXNativeTarget section */

/* Begin PBXProject section */
		E35BA22B1AF7B4E100049975 /* Project object */ = {
			isa = PBXProject;
			attributes = {
				LastUpgradeCheck = 0630;
				ORGANIZATIONNAME = "John Appleseed";
				TargetAttributes = {
					E35BA2321AF7B4E100049975 = {
						CreatedOnToolsVersion = 6.3.1;
					};
					E35BA24B1AF7B4E100049975 = {
						CreatedOnToolsVersion = 6.3.1;
						TestTargetID = E35BA2321AF7B4E100049975;
					};
				};
			};
			buildConfigurationList = E35BA22E1AF7B4E100049975 /* Build configuration list for PBXProject "ToDoList" */;
			compatibilityVersion = "Xcode 3.2";
			developmentRegion = English;
			hasScannedForEncodings = 0;
			knownRegions = (
				en,
				Base,
			);
			mainGroup = E35BA22A1AF7B4E100049975;
			productRefGroup = E35BA2341AF7B4E100049975 /* Products */;
			projectDirPath = "";
			projectRoot = "";
			targets = (
				E35BA2321AF7B4E100049975 /* ToDoList */,
				E35BA24B1AF7B4E100049975 /* ToDoListTests */,
			);
		};
/* End PBXProject section */

/* Begin PBXResourcesBuildPhase section */
		E35BA2311AF7B4E100049975 /* Resources */ = {
			isa = PBXResourcesBuildPhase;
			buildActionMask = 2147483647;
			files = (
				E35BA2421AF7B4E100049975 /* Main.storyboard in Resources */,
				E35BA2471AF7B4E100049975 /* LaunchScreen.xib in Resources */,
				E35BA2441AF7B4E100049975 /* Images.xcassets in Resources */,
			);
			runOnlyForDeploymentPostprocessing = 0;
		};
		E35BA24A1AF7B4E100049975 /* Resources */ = {
			isa = PBXResourcesBuildPhase;
			buildActionMask = 2147483647;
			files = (
			);
			runOnlyForDeploymentPostprocessing = 0;
		};
/* End PBXResourcesBuildPhase section */

/* Begin PBXSourcesBuildPhase section */
		E35BA22F1AF7B4E100049975 /* Sources */ = {
			isa = PBXSourcesBuildPhase;
			buildActionMask = 2147483647;
			files = (
				E35BA23C1AF7B4E100049975 /* AppDelegate.m in Sources */,
				E36AA95F1AFF9B78009FE803 /* ToDoItem.m in Sources */,
				E36AA95C1AFF4D58009FE803 /* ToDoListTableViewController.m in Sources */,
				E35BA2391AF7B4E100049975 /* main.m in Sources */,
				E36AA9591AFF4B2C009FE803 /* AddToDoItemViewController.m in Sources */,
			);
			runOnlyForDeploymentPostprocessing = 0;
		};
		E35BA2481AF7B4E100049975 /* Sources */ = {
			isa = PBXSourcesBuildPhase;
			buildActionMask = 2147483647;
			files = (
				E35BA2531AF7B4E100049975 /* ToDoListTests.m in Sources */,
			);
			runOnlyForDeploymentPostprocessing = 0;
		};
/* End PBXSourcesBuildPhase section */

/* Begin PBXTargetDependency section */
		E35BA24E1AF7B4E100049975 /* PBXTargetDependency */ = {
			isa = PBXTargetDependency;
			target = E35BA2321AF7B4E100049975 /* ToDoList */;
			targetProxy = E35BA24D1AF7B4E100049975 /* PBXContainerItemProxy */;
		};
/* End PBXTargetDependency section */

/* Begin PBXVariantGroup section */
		E35BA2401AF7B4E100049975 /* Main.storyboard */ = {
			isa = PBXVariantGroup;
			children = (
				E35BA2411AF7B4E100049975 /* Base */,
			);
			name = Main.storyboard;
			sourceTree = "<group>";
		};
		E35BA2451AF7B4E100049975 /* LaunchScreen.xib */ = {
			isa = PBXVariantGroup;
			children = (
				E35BA2461AF7B4E100049975 /* Base */,
			);
			name = LaunchScreen.xib;
			sourceTree = "<group>";
		};
/* End PBXVariantGroup section */

/* Begin XCBuildConfiguration section */
		E35BA2541AF7B4E100049975 /* Debug */ = {
			isa = XCBuildConfiguration;
			buildSettings = {
				ALWAYS_SEARCH_USER_PATHS = NO;
				CLANG_CXX_LANGUAGE_STANDARD = "gnu++0x";
				CLANG_CXX_LIBRARY = "libc++";
				CLANG_ENABLE_MODULES = YES;
				CLANG_ENABLE_OBJC_ARC = YES;
				CLANG_WARN_BOOL_CONVERSION = YES;
				CLANG_WARN_CONSTANT_CONVERSION = YES;
				CLANG_WARN_DIRECT_OBJC_ISA_USAGE = YES_ERROR;
				CLANG_WARN_EMPTY_BODY = YES;
				CLANG_WARN_ENUM_CONVERSION = YES;
				CLANG_WARN_INT_CONVERSION = YES;
				CLANG_WARN_OBJC_ROOT_CLASS = YES_ERROR;
				CLANG_WARN_UNREACHABLE_CODE = YES;
				CLANG_WARN__DUPLICATE_METHOD_MATCH = YES;
				"CODE_SIGN_IDENTITY[sdk=iphoneos*]" = "iPhone Developer";
				COPY_PHASE_STRIP = NO;
				DEBUG_INFORMATION_FORMAT = "dwarf-with-dsym";
				ENABLE_STRICT_OBJC_MSGSEND = YES;
				GCC_C_LANGUAGE_STANDARD = gnu99;
				GCC_DYNAMIC_NO_PIC = NO;
				GCC_NO_COMMON_BLOCKS = YES;
				GCC_OPTIMIZATION_LEVEL = 0;
				GCC_PREPROCESSOR_DEFINITIONS = (
					"DEBUG=1",
					"$(inherited)",
				);
				GCC_SYMBOLS_PRIVATE_EXTERN = NO;
				GCC_WARN_64_TO_32_BIT_CONVERSION = YES;
				GCC_WARN_ABOUT_RETURN_TYPE = YES_ERROR;
				GCC_WARN_UNDECLARED_SELECTOR = YES;
				GCC_WARN_UNINITIALIZED_AUTOS = YES_AGGRESSIVE;
				GCC_WARN_UNUSED_FUNCTION = YES;
				GCC_WARN_UNUSED_VARIABLE = YES;
				IPHONEOS_DEPLOYMENT_TARGET = 8.3;
				MTL_ENABLE_DEBUG_INFO = YES;
				ONLY_ACTIVE_ARCH = YES;
				SDKROOT = iphoneos;
				TARGETED_DEVICE_FAMILY = "1,2";
			};
			name = Debug;
		};
		E35BA2551AF7B4E100049975 /* Release */ = {
			isa = XCBuildConfiguration;
			buildSettings = {
				ALWAYS_SEARCH_USER_PATHS = NO;
				CLANG_CXX_LANGUAGE_STANDARD = "gnu++0x";
				CLANG_CXX_LIBRARY = "libc++";
				CLANG_ENABLE_MODULES = YES;
				CLANG_ENABLE_OBJC_ARC = YES;
				CLANG_WARN_BOOL_CONVERSION = YES;
				CLANG_WARN_CONSTANT_CONVERSION = YES;
				CLANG_WARN_DIRECT_OBJC_ISA_USAGE = YES_ERROR;
				CLANG_WARN_EMPTY_BODY = YES;
				CLANG_WARN_ENUM_CONVERSION = YES;
				CLANG_WARN_INT_CONVERSION = YES;
				CLANG_WARN_OBJC_ROOT_CLASS = YES_ERROR;
				CLANG_WARN_UNREACHABLE_CODE = YES;
				CLANG_WARN__DUPLICATE_METHOD_MATCH = YES;
				"CODE_SIGN_IDENTITY[sdk=iphoneos*]" = "iPhone Developer";
				COPY_PHASE_STRIP = NO;
				DEBUG_INFORMATION_FORMAT = "dwarf-with-dsym";
				ENABLE_NS_ASSERTIONS = NO;
				ENABLE_STRICT_OBJC_MSGSEND = YES;
				GCC_C_LANGUAGE_STANDARD = gnu99;
				GCC_NO_COMMON_BLOCKS = YES;
				GCC_WARN_64_TO_32_BIT_CONVERSION = YES;
				GCC_WARN_ABOUT_RETURN_TYPE = YES_ERROR;
				GCC_WARN_UNDECLARED_SELECTOR = YES;
				GCC_WARN_UNINITIALIZED_AUTOS = YES_AGGRESSIVE;
				GCC_WARN_UNUSED_FUNCTION = YES;
				GCC_WARN_UNUSED_VARIABLE = YES;
				IPHONEOS_DEPLOYMENT_TARGET = 8.3;
				MTL_ENABLE_DEBUG_INFO = NO;
				SDKROOT = iphoneos;
				TARGETED_DEVICE_FAMILY = "1,2";
				VALIDATE_PRODUCT = YES;
			};
			name = Release;
		};
		E35BA2571AF7B4E100049975 /* Debug */ = {
			isa = XCBuildConfiguration;
			buildSettings = {
				ASSETCATALOG_COMPILER_APPICON_NAME = AppIcon;
				INFOPLIST_FILE = ToDoList/Info.plist;
				LD_RUNPATH_SEARCH_PATHS = "$(inherited) @executable_path/Frameworks";
				PRODUCT_NAME = "$(TARGET_NAME)";
			};
			name = Debug;
		};
		E35BA2581AF7B4E100049975 /* Release */ = {
			isa = XCBuildConfiguration;
			buildSettings = {
				ASSETCATALOG_COMPILER_APPICON_NAME = AppIcon;
				INFOPLIST_FILE = ToDoList/Info.plist;
				LD_RUNPATH_SEARCH_PATHS = "$(inherited) @executable_path/Frameworks";
				PRODUCT_NAME = "$(TARGET_NAME)";
			};
			name = Release;
		};
		E35BA25A1AF7B4E100049975 /* Debug */ = {
			isa = XCBuildConfiguration;
			buildSettings = {
				BUNDLE_LOADER = "$(TEST_HOST)";
				FRAMEWORK_SEARCH_PATHS = (
					"$(SDKROOT)/Developer/Library/Frameworks",
					"$(inherited)",
				);
				GCC_PREPROCESSOR_DEFINITIONS = (
					"DEBUG=1",
					"$(inherited)",
				);
				INFOPLIST_FILE = ToDoListTests/Info.plist;
				LD_RUNPATH_SEARCH_PATHS = "$(inherited) @executable_path/Frameworks @loader_path/Frameworks";
				PRODUCT_NAME = "$(TARGET_NAME)";
				TEST_HOST = "$(BUILT_PRODUCTS_DIR)/ToDoList.app/ToDoList";
			};
			name = Debug;
		};
		E35BA25B1AF7B4E100049975 /* Release */ = {
			isa = XCBuildConfiguration;
			buildSettings = {
				BUNDLE_LOADER = "$(TEST_HOST)";
				FRAMEWORK_SEARCH_PATHS = (
					"$(SDKROOT)/Developer/Library/Frameworks",
					"$(inherited)",
				);
				INFOPLIST_FILE = ToDoListTests/Info.plist;
				LD_RUNPATH_SEARCH_PATHS = "$(inherited) @executable_path/Frameworks @loader_path/Frameworks";
				PRODUCT_NAME = "$(TARGET_NAME)";
				TEST_HOST = "$(BUILT_PRODUCTS_DIR)/ToDoList.app/ToDoList";
			};
			name = Release;
		};
/* End XCBuildConfiguration section */

/* Begin XCConfigurationList section */
		E35BA22E1AF7B4E100049975 /* Build configuration list for PBXProject "ToDoList" */ = {
			isa = XCConfigurationList;
			buildConfigurations = (
				E35BA2541AF7B4E100049975 /* Debug */,
				E35BA2551AF7B4E100049975 /* Release */,
			);
			defaultConfigurationIsVisible = 0;
			defaultConfigurationName = Release;
		};
		E35BA2561AF7B4E100049975 /* Build configuration list for PBXNativeTarget "ToDoList" */ = {
			isa = XCConfigurationList;
			buildConfigurations = (
				E35BA2571AF7B4E100049975 /* Debug */,
				E35BA2581AF7B4E100049975 /* Release */,
			);
			defaultConfigurationIsVisible = 0;
			defaultConfigurationName = Release;
		};
		E35BA2591AF7B4E100049975 /* Build configuration list for PBXNativeTarget "ToDoListTests" */ = {
			isa = XCConfigurationList;
			buildConfigurations = (
				E35BA25A1AF7B4E100049975 /* Debug */,
				E35BA25B1AF7B4E100049975 /* Release */,
			);
			defaultConfigurationIsVisible = 0;
			defaultConfigurationName = Release;
		};
/* End XCConfigurationList section */
	};
	rootObject = E35BA22B1AF7B4E100049975 /* Project object */;
}
